version: 1
algorithm: blake3
groups:
  api-docs:
    source:
      src/git.rs: 97386a8634b8ba89a45339c06b46dca4a57d5ebede65960fd82ca64fcda7f2ce
      src/lib.rs: 6184ddcd185853666b4b8e45fbdeac7465847d926ff908a96c23acfa586a97b2
    dependents:
      README.md: 3c2414b9b46d3818ce0a7ac0aa43a35f82a96ff2098acb028a853067428b02ee
      www/index.html: 867e9d4532fb5891b8dcfa062df6119914d2ad58a1136d18047a8faf2e637a9f
  dev-docs:
    source:
      Justfile: ad8636010c64e882af8d18931746bdc6e0004c06ce30dcf72b1aa178b3ce53c6
      flake.nix: a7796d1b64ab0e985d84ed7b32a28f69256a7988ebc6ce2d46924a81cc18ccc6
    dependents:
      AGENTS.md: 448be524c50687810403ea3db9fb8f7f97562bfde5f6013d3e12c29352d110c4
      CONTRIBUTING.md: 7503a6bcf17dd902899c784f529da8899a8850f1f79e7b5accdb417cf20e695f
  release-notes:
    source:
      Cargo.toml: e50a71d12ae557704bbd2f50b257c1db5496efc2237eadc220ffd44d6541a286
    dependents:
      CHANGELOG.md: c9ecb84cf605083074f7a474139c10a7e669cbf79eb02de197069f2462b5f5b6
